
Microsoft Visual Studio Solution File, Format Version 12.00
# Visual Studio Version 16
VisualStudioVersion = 16.0.30709.132
MinimumVisualStudioVersion = 10.0.40219.1
Project("{9A19103F-16F7-4668-BE54-9A1E7A4F7556}") = "ZDC.Discord", "ZDC.Discord\ZDC.Discord.csproj", "{FD7F833A-043E-4838-860C-1687015CF5E8}"
EndProject
Project("{2150E333-8FDC-42A3-9474-1A3956D46DE8}") = "Solution Items", "Solution Items", "{4A657107-FBE6-4BE5-AB93-6DCED35544F9}"
	ProjectSection(SolutionItems) = preProject
		.gitignore = .gitignore
		.github\workflows\build.yml = .github\workflows\build.yml
		.github\workflows\codeql-analysis.yml = .github\workflows\codeql-analysis.yml
		LICENSE.md = LICENSE.md
		README.md = README.md
	EndProjectSection
EndProject
Global
	GlobalSection(SolutionConfigurationPlatforms) = preSolution
		Debug|Any CPU = Debug|Any CPU
		Release|Any CPU = Release|Any CPU
	EndGlobalSection
	GlobalSection(ProjectConfigurationPlatforms) = postSolution
		{FD7F833A-043E-4838-860C-1687015CF5E8}.Debug|Any CPU.ActiveCfg = Debug|Any CPU
		{FD7F833A-043E-4838-860C-1687015CF5E8}.Debug|Any CPU.Build.0 = Debug|Any CPU
		{FD7F833A-043E-4838-860C-1687015CF5E8}.Release|Any CPU.ActiveCfg = Release|Any CPU
		{FD7F833A-043E-4838-860C-1687015CF5E8}.Release|Any CPU.Build.0 = Release|Any CPU
	EndGlobalSection
	GlobalSection(SolutionProperties) = preSolution
		HideSolutionNode = FALSE
	EndGlobalSection
	GlobalSection(ExtensibilityGlobals) = postSolution
		SolutionGuid = {B6C26C65-8695-4769-8BDB-811749172437}
	EndGlobalSection
EndGlobal
